# This file is autogenerated, do not edit; changes may be undone by the next 'dep ensure'.


[[projects]]
  branch = "master"
  name = "github.com/golang/glog"
  packages = ["."]
  revision = "23def4e6c14b4da8ac2ed8007337bc5eb5007998"

[[projects]]
  branch = "master"
  name = "github.com/kidoman/embd"
  packages = [
    ".",
    "host/generic",
    "host/rpi",
    "sensor/us020"
  ]
  revision = "d3d8c0c5c68dc6caccebb7d720f36e64bafd0a62"

[[projects]]
  branch = "master"
  name = "github.com/looplab/fsm"
  packages = ["."]
  revision = "f980bdb68a8962823200eafe6c0aa99e917be0d7"

[solve-meta]
  analyzer-name = "dep"
  analyzer-version = 1
  inputs-digest = "78b0c02a791aca71809bde3a69ac6c6bf62ce81bae6fe099b756fbb75ca685b0"
  solver-name = "gps-cdcl"
  solver-version = 1
