# This file is autogenerated, do not edit; changes may be undone by the next 'dep ensure'.


[[projects]]
  branch = "master"
  name = "github.com/looplab/fsm"
  packages = ["."]
  revision = "f980bdb68a8962823200eafe6c0aa99e917be0d7"

[[projects]]
  name = "github.com/stianeikeland/go-rpio"
  packages = ["."]
  revision = "a6b0dffd47b6b1ddf7f1bfe2144f05bf335e911d"
  version = "4.0.0"

[solve-meta]
  analyzer-name = "dep"
  analyzer-version = 1
  inputs-digest = "2b665d5a0b1fe30c7b8ddcaf6de9d8ffee79d911fcea4fc6580f8111a581249a"
  solver-name = "gps-cdcl"
  solver-version = 1
